
Microsoft Visual Studio Solution File, Format Version 12.00
# Visual Studio Version 16
VisualStudioVersion = 16.0.30907.101
MinimumVisualStudioVersion = 10.0.40219.1
Project("{FAE04EC0-301F-11D3-BF4B-00C04F79EFBC}") = "newdemo", "newdemo\newdemo.csproj", "{BCB10FF8-B261-4B3F-8716-A34C661CB4DD}"
EndProject
Global
	GlobalSection(SolutionConfigurationPlatforms) = preSolution
		Debug|Any CPU = Debug|Any CPU
		Release|Any CPU = Release|Any CPU
	EndGlobalSection
	GlobalSection(ProjectConfigurationPlatforms) = postSolution
		{BCB10FF8-B261-4B3F-8716-A34C661CB4DD}.Debug|Any CPU.ActiveCfg = Debug|Any CPU
		{BCB10FF8-B261-4B3F-8716-A34C661CB4DD}.Debug|Any CPU.Build.0 = Debug|Any CPU
		{BCB10FF8-B261-4B3F-8716-A34C661CB4DD}.Release|Any CPU.ActiveCfg = Release|Any CPU
		{BCB10FF8-B261-4B3F-8716-A34C661CB4DD}.Release|Any CPU.Build.0 = Release|Any CPU
	EndGlobalSection
	GlobalSection(SolutionProperties) = preSolution
		HideSolutionNode = FALSE
	EndGlobalSection
	GlobalSection(ExtensibilityGlobals) = postSolution
		SolutionGuid = {BB1FFE87-CF8F-485F-A1D8-F5E29685BF97}
	EndGlobalSection
EndGlobal
